// !$*UTF8*$!
{
	archiveVersion = 1;
	classes = {
	};
	objectVersion = 46;
	objects = {

/* Begin PBXBuildFile section */
		A91689861F10F57700237A94 /* AppDelegate.swift in Sources */ = {isa = PBXBuildFile; fileRef = A91689851F10F57700237A94 /* AppDelegate.swift */; };
		A91689881F10F57700237A94 /* ViewController.swift in Sources */ = {isa = PBXBuildFile; fileRef = A91689871F10F57700237A94 /* ViewController.swift */; };
		A916898B1F10F57700237A94 /* Main.storyboard in Resources */ = {isa = PBXBuildFile; fileRef = A91689891F10F57700237A94 /* Main.storyboard */; };
		A916898D1F10F57700237A94 /* Assets.xcassets in Resources */ = {isa = PBXBuildFile; fileRef = A916898C1F10F57700237A94 /* Assets.xcassets */; };
		A91689901F10F57700237A94 /* LaunchScreen.storyboard in Resources */ = {isa = PBXBuildFile; fileRef = A916898E1F10F57700237A94 /* LaunchScreen.storyboard */; };
		A91689981F10F5F300237A94 /* ViewSemantic.swift in Sources */ = {isa = PBXBuildFile; fileRef = A91689971F10F5F300237A94 /* ViewSemantic.swift */; };
		A916899D1F10FE7D00237A94 /* Localizable.strings in Resources */ = {isa = PBXBuildFile; fileRef = A916899F1F10FE7D00237A94 /* Localizable.strings */; };
/* End PBXBuildFile section */

/* Begin PBXFileReference section */
		A91689821F10F57700237A94 /* LtoRRtoL.app */ = {isa = PBXFileReference; explicitFileType = wrapper.application; includeInIndex = 0; path = LtoRRtoL.app; sourceTree = BUILT_PRODUCTS_DIR; };
		A91689851F10F57700237A94 /* AppDelegate.swift */ = {isa = PBXFileReference; lastKnownFileType = sourcecode.swift; lineEnding = 0; path = AppDelegate.swift; sourceTree = "<group>"; xcLanguageSpecificationIdentifier = xcode.lang.swift; };
		A91689871F10F57700237A94 /* ViewController.swift */ = {isa = PBXFileReference; lastKnownFileType = sourcecode.swift; lineEnding = 0; path = ViewController.swift; sourceTree = "<group>"; xcLanguageSpecificationIdentifier = xcode.lang.swift; };
		A916898A1F10F57700237A94 /* Base */ = {isa = PBXFileReference; lastKnownFileType = file.storyboard; name = Base; path = Base.lproj/Main.storyboard; sourceTree = "<group>"; };
		A916898C1F10F57700237A94 /* Assets.xcassets */ = {isa = PBXFileReference; lastKnownFileType = folder.assetcatalog; path = Assets.xcassets; sourceTree = "<group>"; };
		A916898F1F10F57700237A94 /* Base */ = {isa = PBXFileReference; lastKnownFileType = file.storyboard; name = Base; path = Base.lproj/LaunchScreen.storyboard; sourceTree = "<group>"; };
		A91689911F10F57700237A94 /* Info.plist */ = {isa = PBXFileReference; lastKnownFileType = text.plist.xml; path = Info.plist; sourceTree = "<group>"; };
		A91689971F10F5F300237A94 /* ViewSemantic.swift */ = {isa = PBXFileReference; fileEncoding = 4; lastKnownFileType = sourcecode.swift; lineEnding = 0; path = ViewSemantic.swift; sourceTree = "<group>"; xcLanguageSpecificationIdentifier = xcode.lang.swift; };
		A916899E1F10FE7D00237A94 /* Base */ = {isa = PBXFileReference; lastKnownFileType = text.plist.strings; lineEnding = 0; name = Base; path = Base.lproj/Localizable.strings; sourceTree = "<group>"; xcLanguageSpecificationIdentifier = xcode.lang.simpleColoring; };
		A91689A01F10FE8200237A94 /* en */ = {isa = PBXFileReference; lastKnownFileType = text.plist.strings; lineEnding = 0; name = en; path = en.lproj/Localizable.strings; sourceTree = "<group>"; xcLanguageSpecificationIdentifier = xcode.lang.simpleColoring; };
		A91689A11F10FE8400237A94 /* ar-AE */ = {isa = PBXFileReference; lastKnownFileType = text.plist.strings; lineEnding = 0; name = "ar-AE"; path = "ar-AE.lproj/Localizable.strings"; sourceTree = "<group>"; xcLanguageSpecificationIdentifier = xcode.lang.simpleColoring; };
/* End PBXFileReference section */

/* Begin PBXFrameworksBuildPhase section */
		A916897F1F10F57700237A94 /* Frameworks */ = {
			isa = PBXFrameworksBuildPhase;
			buildActionMask = 2147483647;
			files = (
			);
			runOnlyForDeploymentPostprocessing = 0;
		};
/* End PBXFrameworksBuildPhase section */

/* Begin PBXGroup section */
		A91689791F10F57700237A94 = {
			isa = PBXGroup;
			children = (
				A91689841F10F57700237A94 /* LtoRRtoL */,
				A91689831F10F57700237A94 /* Products */,
			);
			sourceTree = "<group>";
		};
		A91689831F10F57700237A94 /* Products */ = {
			isa = PBXGroup;
			children = (
				A91689821F10F57700237A94 /* LtoRRtoL.app */,
			);
			name = Products;
			sourceTree = "<group>";
		};
		A91689841F10F57700237A94 /* LtoRRtoL */ = {
			isa = PBXGroup;
			children = (
				A91689971F10F5F300237A94 /* ViewSemantic.swift */,
				A91689851F10F57700237A94 /* AppDelegate.swift */,
				A91689871F10F57700237A94 /* ViewController.swift */,
				A91689891F10F57700237A94 /* Main.storyboard */,
				A916898C1F10F57700237A94 /* Assets.xcassets */,
				A916898E1F10F57700237A94 /* LaunchScreen.storyboard */,
				A91689911F10F57700237A94 /* Info.plist */,
				A916899F1F10FE7D00237A94 /* Localizable.strings */,
			);
			path = LtoRRtoL;
			sourceTree = "<group>";
		};
/* End PBXGroup section */

/* Begin PBXNativeTarget section */
		A91689811F10F57700237A94 /* LtoRRtoL */ = {
			isa = PBXNativeTarget;
			buildConfigurationList = A91689941F10F57700237A94 /* Build configuration list for PBXNativeTarget "LtoRRtoL" */;
			buildPhases = (
				A916897E1F10F57700237A94 /* Sources */,
				A916897F1F10F57700237A94 /* Frameworks */,
				A91689801F10F57700237A94 /* Resources */,
			);
			buildRules = (
			);
			dependencies = (
			);
			name = LtoRRtoL;
			productName = LtoRRtoL;
			productReference = A91689821F10F57700237A94 /* LtoRRtoL.app */;
			productType = "com.apple.product-type.application";
		};
/* End PBXNativeTarget section */

/* Begin PBXProject section */
		A916897A1F10F57700237A94 /* Project object */ = {
			isa = PBXProject;
			attributes = {
				LastSwiftUpdateCheck = 0830;
				LastUpgradeCheck = 0830;
				ORGANIZATIONNAME = manish;
				TargetAttributes = {
					A91689811F10F57700237A94 = {
						CreatedOnToolsVersion = 8.3.3;
						ProvisioningStyle = Manual;
					};
				};
			};
			buildConfigurationList = A916897D1F10F57700237A94 /* Build configuration list for PBXProject "LtoRRtoL" */;
			compatibilityVersion = "Xcode 3.2";
			developmentRegion = English;
			hasScannedForEncodings = 0;
			knownRegions = (
				en,
				Base,
				"ar-AE",
			);
			mainGroup = A91689791F10F57700237A94;
			productRefGroup = A91689831F10F57700237A94 /* Products */;
			projectDirPath = "";
			projectRoot = "";
			targets = (
				A91689811F10F57700237A94 /* LtoRRtoL */,
			);
		};
/* End PBXProject section */

/* Begin PBXResourcesBuildPhase section */
		A91689801F10F57700237A94 /* Resources */ = {
			isa = PBXResourcesBuildPhase;
			buildActionMask = 2147483647;
			files = (
				A91689901F10F57700237A94 /* LaunchScreen.storyboard in Resources */,
				A916899D1F10FE7D00237A94 /* Localizable.strings in Resources */,
				A916898D1F10F57700237A94 /* Assets.xcassets in Resources */,
				A916898B1F10F57700237A94 /* Main.storyboard in Resources */,
			);
			runOnlyForDeploymentPostprocessing = 0;
		};
/* End PBXResourcesBuildPhase section */

/* Begin PBXSourcesBuildPhase section */
		A916897E1F10F57700237A94 /* Sources */ = {
			isa = PBXSourcesBuildPhase;
			buildActionMask = 2147483647;
			files = (
				A91689981F10F5F300237A94 /* ViewSemantic.swift in Sources */,
				A91689881F10F57700237A94 /* ViewController.swift in Sources */,
				A91689861F10F57700237A94 /* AppDelegate.swift in Sources */,
			);
			runOnlyForDeploymentPostprocessing = 0;
		};
/* End PBXSourcesBuildPhase section */

/* Begin PBXVariantGroup section */
		A91689891F10F57700237A94 /* Main.storyboard */ = {
			isa = PBXVariantGroup;
			children = (
				A916898A1F10F57700237A94 /* Base */,
			);
			name = Main.storyboard;
			sourceTree = "<group>";
		};
		A916898E1F10F57700237A94 /* LaunchScreen.storyboard */ = {
			isa = PBXVariantGroup;
			children = (
				A916898F1F10F57700237A94 /* Base */,
			);
			name = LaunchScreen.storyboard;
			sourceTree = "<group>";
		};
		A916899F1F10FE7D00237A94 /* Localizable.strings */ = {
			isa = PBXVariantGroup;
			children = (
				A916899E1F10FE7D00237A94 /* Base */,
				A91689A01F10FE8200237A94 /* en */,
				A91689A11F10FE8400237A94 /* ar-AE */,
			);
			name = Localizable.strings;
			sourceTree = "<group>";
		};
/* End PBXVariantGroup section */

/* Begin XCBuildConfiguration section */
		A91689921F10F57700237A94 /* Debug */ = {
			isa = XCBuildConfiguration;
			buildSettings = {
				ALWAYS_SEARCH_USER_PATHS = NO;
				CLANG_ANALYZER_LOCALIZABILITY_NONLOCALIZED = YES;
				CLANG_ANALYZER_NONNULL = YES;
				CLANG_ANALYZER_NUMBER_OBJECT_CONVERSION = YES_AGGRESSIVE;
				CLANG_CXX_LANGUAGE_STANDARD = "gnu++0x";
				CLANG_CXX_LIBRARY = "libc++";
				CLANG_ENABLE_MODULES = YES;
				CLANG_ENABLE_OBJC_ARC = YES;
				CLANG_WARN_BOOL_CONVERSION = YES;
				CLANG_WARN_CONSTANT_CONVERSION = YES;
				CLANG_WARN_DIRECT_OBJC_ISA_USAGE = YES_ERROR;
				CLANG_WARN_DOCUMENTATION_COMMENTS = YES;
				CLANG_WARN_EMPTY_BODY = YES;
				CLANG_WARN_ENUM_CONVERSION = YES;
				CLANG_WARN_INFINITE_RECURSION = YES;
				CLANG_WARN_INT_CONVERSION = YES;
				CLANG_WARN_OBJC_ROOT_CLASS = YES_ERROR;
				CLANG_WARN_SUSPICIOUS_MOVE = YES;
				CLANG_WARN_UNREACHABLE_CODE = YES;
				CLANG_WARN__DUPLICATE_METHOD_MATCH = YES;
				"CODE_SIGN_IDENTITY[sdk=iphoneos*]" = "iPhone Developer";
				COPY_PHASE_STRIP = NO;
				DEBUG_INFORMATION_FORMAT = dwarf;
				ENABLE_STRICT_OBJC_MSGSEND = YES;
				ENABLE_TESTABILITY = YES;
				GCC_C_LANGUAGE_STANDARD = gnu99;
				GCC_DYNAMIC_NO_PIC = NO;
				GCC_NO_COMMON_BLOCKS = YES;
				GCC_OPTIMIZATION_LEVEL = 0;
				GCC_PREPROCESSOR_DEFINITIONS = (
					"DEBUG=1",
					"$(inherited)",
				);
				GCC_WARN_64_TO_32_BIT_CONVERSION = YES;
				GCC_WARN_ABOUT_RETURN_TYPE = YES_ERROR;
				GCC_WARN_UNDECLARED_SELECTOR = YES;
				GCC_WARN_UNINITIALIZED_AUTOS = YES_AGGRESSIVE;
				GCC_WARN_UNUSED_FUNCTION = YES;
				GCC_WARN_UNUSED_VARIABLE = YES;
				IPHONEOS_DEPLOYMENT_TARGET = 10.3;
				MTL_ENABLE_DEBUG_INFO = YES;
				ONLY_ACTIVE_ARCH = YES;
				SDKROOT = iphoneos;
				SWIFT_ACTIVE_COMPILATION_CONDITIONS = DEBUG;
				SWIFT_OPTIMIZATION_LEVEL = "-Onone";
			};
			name = Debug;
		};
		A91689931F10F57700237A94 /* Release */ = {
			isa = XCBuildConfiguration;
			buildSettings = {
				ALWAYS_SEARCH_USER_PATHS = NO;
				CLANG_ANALYZER_LOCALIZABILITY_NONLOCALIZED = YES;
				CLANG_ANALYZER_NONNULL = YES;
				CLANG_ANALYZER_NUMBER_OBJECT_CONVERSION = YES_AGGRESSIVE;
				CLANG_CXX_LANGUAGE_STANDARD = "gnu++0x";
				CLANG_CXX_LIBRARY = "libc++";
				CLANG_ENABLE_MODULES = YES;
				CLANG_ENABLE_OBJC_ARC = YES;
				CLANG_WARN_BOOL_CONVERSION = YES;
				CLANG_WARN_CONSTANT_CONVERSION = YES;
				CLANG_WARN_DIRECT_OBJC_ISA_USAGE = YES_ERROR;
				CLANG_WARN_DOCUMENTATION_COMMENTS = YES;
				CLANG_WARN_EMPTY_BODY = YES;
				CLANG_WARN_ENUM_CONVERSION = YES;
				CLANG_WARN_INFINITE_RECURSION = YES;
				CLANG_WARN_INT_CONVERSION = YES;
				CLANG_WARN_OBJC_ROOT_CLASS = YES_ERROR;
				CLANG_WARN_SUSPICIOUS_MOVE = YES;
				CLANG_WARN_UNREACHABLE_CODE = YES;
				CLANG_WARN__DUPLICATE_METHOD_MATCH = YES;
				"CODE_SIGN_IDENTITY[sdk=iphoneos*]" = "iPhone Developer";
				COPY_PHASE_STRIP = NO;
				DEBUG_INFORMATION_FORMAT = "dwarf-with-dsym";
				ENABLE_NS_ASSERTIONS = NO;
				ENABLE_STRICT_OBJC_MSGSEND = YES;
				GCC_C_LANGUAGE_STANDARD = gnu99;
				GCC_NO_COMMON_BLOCKS = YES;
				GCC_WARN_64_TO_32_BIT_CONVERSION = YES;
				GCC_WARN_ABOUT_RETURN_TYPE = YES_ERROR;
				GCC_WARN_UNDECLARED_SELECTOR = YES;
				GCC_WARN_UNINITIALIZED_AUTOS = YES_AGGRESSIVE;
				GCC_WARN_UNUSED_FUNCTION = YES;
				GCC_WARN_UNUSED_VARIABLE = YES;
				IPHONEOS_DEPLOYMENT_TARGET = 10.3;
				MTL_ENABLE_DEBUG_INFO = NO;
				SDKROOT = iphoneos;
				SWIFT_OPTIMIZATION_LEVEL = "-Owholemodule";
				VALIDATE_PRODUCT = YES;
			};
			name = Release;
		};
		A91689951F10F57700237A94 /* Debug */ = {
			isa = XCBuildConfiguration;
			buildSettings = {
				ASSETCATALOG_COMPILER_APPICON_NAME = AppIcon;
				DEVELOPMENT_TEAM = "";
				INFOPLIST_FILE = LtoRRtoL/Info.plist;
				LD_RUNPATH_SEARCH_PATHS = "$(inherited) @executable_path/Frameworks";
				PRODUCT_BUNDLE_IDENTIFIER = com.manish.LtoRRtoL;
				PRODUCT_NAME = "$(TARGET_NAME)";
				PROVISIONING_PROFILE_SPECIFIER = "";
				SWIFT_VERSION = 3.0;
			};
			name = Debug;
		};
		A91689961F10F57700237A94 /* Release */ = {
			isa = XCBuildConfiguration;
			buildSettings = {
				ASSETCATALOG_COMPILER_APPICON_NAME = AppIcon;
				DEVELOPMENT_TEAM = "";
				INFOPLIST_FILE = LtoRRtoL/Info.plist;
				LD_RUNPATH_SEARCH_PATHS = "$(inherited) @executable_path/Frameworks";
				PRODUCT_BUNDLE_IDENTIFIER = com.manish.LtoRRtoL;
				PRODUCT_NAME = "$(TARGET_NAME)";
				PROVISIONING_PROFILE_SPECIFIER = "";
				SWIFT_VERSION = 3.0;
			};
			name = Release;
		};
/* End XCBuildConfiguration section */

/* Begin XCConfigurationList section */
		A916897D1F10F57700237A94 /* Build configuration list for PBXProject "LtoRRtoL" */ = {
			isa = XCConfigurationList;
			buildConfigurations = (
				A91689921F10F57700237A94 /* Debug */,
				A91689931F10F57700237A94 /* Release */,
			);
			defaultConfigurationIsVisible = 0;
			defaultConfigurationName = Release;
		};
		A91689941F10F57700237A94 /* Build configuration list for PBXNativeTarget "LtoRRtoL" */ = {
			isa = XCConfigurationList;
			buildConfigurations = (
				A91689951F10F57700237A94 /* Debug */,
				A91689961F10F57700237A94 /* Release */,
			);
			defaultConfigurationIsVisible = 0;
			defaultConfigurationName = Release;
		};
/* End XCConfigurationList section */
	};
	rootObject = A916897A1F10F57700237A94 /* Project object */;
}
